
Microsoft Visual Studio Solution File, Format Version 12.00
# Visual Studio 2012
Project("{FAE04EC0-301F-11D3-BF4B-00C04F79EFBC}") = "Helpful.CircuitBreaker.Events.Log4Net", "Helpful.CircuitBreaker.Events.Log4Net\Helpful.CircuitBreaker.Events.Log4Net.csproj", "{55C218DE-CA37-43F8-85F6-7E08FC769C43}"
EndProject
Global
	GlobalSection(SolutionConfigurationPlatforms) = preSolution
		Debug|Any CPU = Debug|Any CPU
		Release|Any CPU = Release|Any CPU
	EndGlobalSection
	GlobalSection(ProjectConfigurationPlatforms) = postSolution
		{55C218DE-CA37-43F8-85F6-7E08FC769C43}.Debug|Any CPU.ActiveCfg = Debug|Any CPU
		{55C218DE-CA37-43F8-85F6-7E08FC769C43}.Debug|Any CPU.Build.0 = Debug|Any CPU
		{55C218DE-CA37-43F8-85F6-7E08FC769C43}.Release|Any CPU.ActiveCfg = Release|Any CPU
		{55C218DE-CA37-43F8-85F6-7E08FC769C43}.Release|Any CPU.Build.0 = Release|Any CPU
	EndGlobalSection
	GlobalSection(SolutionProperties) = preSolution
		HideSolutionNode = FALSE
	EndGlobalSection
EndGlobal
